// !$*UTF8*$!
{
	archiveVersion = 1;
	classes = {
	};
	objectVersion = 56;
	objects = {

/* Begin PBXBuildFile section */
		0B0BABC02A43ABFD00691154 /* TitleTableViewCell.swift in Sources */ = {isa = PBXBuildFile; fileRef = 0B0BABBF2A43ABFD00691154 /* TitleTableViewCell.swift */; };
		0B0BABC22A43AEFC00691154 /* TitleViewModel.swift in Sources */ = {isa = PBXBuildFile; fileRef = 0B0BABC12A43AEFC00691154 /* TitleViewModel.swift */; };
		0B0BABC42A43B8FB00691154 /* SearchResultsViewController.swift in Sources */ = {isa = PBXBuildFile; fileRef = 0B0BABC32A43B8FB00691154 /* SearchResultsViewController.swift */; };
		0B0BABC82A43E84800691154 /* YoutubeSearchResponse.swift in Sources */ = {isa = PBXBuildFile; fileRef = 0B0BABC72A43E84700691154 /* YoutubeSearchResponse.swift */; };
		0B0BABCA2A43EBAA00691154 /* TitlePreviewViewController.swift in Sources */ = {isa = PBXBuildFile; fileRef = 0B0BABC92A43EBAA00691154 /* TitlePreviewViewController.swift */; };
		0B0BABCC2A43EE3900691154 /* TitlePreviewViewModel.swift in Sources */ = {isa = PBXBuildFile; fileRef = 0B0BABCB2A43EE3900691154 /* TitlePreviewViewModel.swift */; };
		0B174A842A438D570074EB9A /* TitleCollectionViewCell.swift in Sources */ = {isa = PBXBuildFile; fileRef = 0B174A832A438D570074EB9A /* TitleCollectionViewCell.swift */; };
		0B67D8562A439CEF0078862A /* SDWebImage in Frameworks */ = {isa = PBXBuildFile; productRef = 0B67D8552A439CEF0078862A /* SDWebImage */; };
		0B67D8582A439CEF0078862A /* SDWebImageMapKit in Frameworks */ = {isa = PBXBuildFile; productRef = 0B67D8572A439CEF0078862A /* SDWebImageMapKit */; };
		0B684F062A425CDA00B1E93D /* AppDelegate.swift in Sources */ = {isa = PBXBuildFile; fileRef = 0B684F052A425CDA00B1E93D /* AppDelegate.swift */; };
		0B684F082A425CDA00B1E93D /* SceneDelegate.swift in Sources */ = {isa = PBXBuildFile; fileRef = 0B684F072A425CDA00B1E93D /* SceneDelegate.swift */; };
		0B684F0A2A425CDA00B1E93D /* MainTabBarViewController.swift in Sources */ = {isa = PBXBuildFile; fileRef = 0B684F092A425CDA00B1E93D /* MainTabBarViewController.swift */; };
		0B684F0F2A425CDD00B1E93D /* Assets.xcassets in Resources */ = {isa = PBXBuildFile; fileRef = 0B684F0E2A425CDD00B1E93D /* Assets.xcassets */; };
		0B684F122A425CDD00B1E93D /* LaunchScreen.storyboard in Resources */ = {isa = PBXBuildFile; fileRef = 0B684F102A425CDD00B1E93D /* LaunchScreen.storyboard */; };
		0B684F1B2A42678300B1E93D /* HomeViewController.swift in Sources */ = {isa = PBXBuildFile; fileRef = 0B684F1A2A42678300B1E93D /* HomeViewController.swift */; };
		0B684F1D2A4267CD00B1E93D /* UpcomingViewController.swift in Sources */ = {isa = PBXBuildFile; fileRef = 0B684F1C2A4267CD00B1E93D /* UpcomingViewController.swift */; };
		0B684F1F2A4267F100B1E93D /* SearchViewController.swift in Sources */ = {isa = PBXBuildFile; fileRef = 0B684F1E2A4267F100B1E93D /* SearchViewController.swift */; };
		0B684F212A42680D00B1E93D /* DownloadsViewController.swift in Sources */ = {isa = PBXBuildFile; fileRef = 0B684F202A42680D00B1E93D /* DownloadsViewController.swift */; };
		0B684F282A4273AC00B1E93D /* CollectionViewTableViewCell.swift in Sources */ = {isa = PBXBuildFile; fileRef = 0B684F272A4273AC00B1E93D /* CollectionViewTableViewCell.swift */; };
		0B684F2A2A427AD700B1E93D /* HeroHeaderUIView.swift in Sources */ = {isa = PBXBuildFile; fileRef = 0B684F292A427AD700B1E93D /* HeroHeaderUIView.swift */; };
		0B684F2C2A429DAF00B1E93D /* ApiCaller.swift in Sources */ = {isa = PBXBuildFile; fileRef = 0B684F2B2A429DAF00B1E93D /* ApiCaller.swift */; };
		0B684F2E2A42A23D00B1E93D /* Title.swift in Sources */ = {isa = PBXBuildFile; fileRef = 0B684F2D2A42A23C00B1E93D /* Title.swift */; };
		0B684F302A437F3800B1E93D /* Extensions.swift in Sources */ = {isa = PBXBuildFile; fileRef = 0B684F2F2A437F3800B1E93D /* Extensions.swift */; };
/* End PBXBuildFile section */

/* Begin PBXFileReference section */
		0B0BABBF2A43ABFD00691154 /* TitleTableViewCell.swift */ = {isa = PBXFileReference; lastKnownFileType = sourcecode.swift; path = TitleTableViewCell.swift; sourceTree = "<group>"; };
		0B0BABC12A43AEFC00691154 /* TitleViewModel.swift */ = {isa = PBXFileReference; lastKnownFileType = sourcecode.swift; path = TitleViewModel.swift; sourceTree = "<group>"; };
		0B0BABC32A43B8FB00691154 /* SearchResultsViewController.swift */ = {isa = PBXFileReference; lastKnownFileType = sourcecode.swift; path = SearchResultsViewController.swift; sourceTree = "<group>"; };
		0B0BABC72A43E84700691154 /* YoutubeSearchResponse.swift */ = {isa = PBXFileReference; lastKnownFileType = sourcecode.swift; path = YoutubeSearchResponse.swift; sourceTree = "<group>"; };
		0B0BABC92A43EBAA00691154 /* TitlePreviewViewController.swift */ = {isa = PBXFileReference; lastKnownFileType = sourcecode.swift; path = TitlePreviewViewController.swift; sourceTree = "<group>"; };
		0B0BABCB2A43EE3900691154 /* TitlePreviewViewModel.swift */ = {isa = PBXFileReference; lastKnownFileType = sourcecode.swift; path = TitlePreviewViewModel.swift; sourceTree = "<group>"; };
		0B174A832A438D570074EB9A /* TitleCollectionViewCell.swift */ = {isa = PBXFileReference; lastKnownFileType = sourcecode.swift; path = TitleCollectionViewCell.swift; sourceTree = "<group>"; };
		0B684F022A425CDA00B1E93D /* Netflix Clone.app */ = {isa = PBXFileReference; explicitFileType = wrapper.application; includeInIndex = 0; path = "Netflix Clone.app"; sourceTree = BUILT_PRODUCTS_DIR; };
		0B684F052A425CDA00B1E93D /* AppDelegate.swift */ = {isa = PBXFileReference; lastKnownFileType = sourcecode.swift; path = AppDelegate.swift; sourceTree = "<group>"; };
		0B684F072A425CDA00B1E93D /* SceneDelegate.swift */ = {isa = PBXFileReference; lastKnownFileType = sourcecode.swift; path = SceneDelegate.swift; sourceTree = "<group>"; };
		0B684F092A425CDA00B1E93D /* MainTabBarViewController.swift */ = {isa = PBXFileReference; lastKnownFileType = sourcecode.swift; path = MainTabBarViewController.swift; sourceTree = "<group>"; };
		0B684F0E2A425CDD00B1E93D /* Assets.xcassets */ = {isa = PBXFileReference; lastKnownFileType = folder.assetcatalog; path = Assets.xcassets; sourceTree = "<group>"; };
		0B684F112A425CDD00B1E93D /* Base */ = {isa = PBXFileReference; lastKnownFileType = file.storyboard; name = Base; path = Base.lproj/LaunchScreen.storyboard; sourceTree = "<group>"; };
		0B684F132A425CDD00B1E93D /* Info.plist */ = {isa = PBXFileReference; lastKnownFileType = text.plist.xml; path = Info.plist; sourceTree = "<group>"; };
		0B684F1A2A42678300B1E93D /* HomeViewController.swift */ = {isa = PBXFileReference; lastKnownFileType = sourcecode.swift; path = HomeViewController.swift; sourceTree = "<group>"; };
		0B684F1C2A4267CD00B1E93D /* UpcomingViewController.swift */ = {isa = PBXFileReference; lastKnownFileType = sourcecode.swift; path = UpcomingViewController.swift; sourceTree = "<group>"; };
		0B684F1E2A4267F100B1E93D /* SearchViewController.swift */ = {isa = PBXFileReference; lastKnownFileType = sourcecode.swift; path = SearchViewController.swift; sourceTree = "<group>"; };
		0B684F202A42680D00B1E93D /* DownloadsViewController.swift */ = {isa = PBXFileReference; lastKnownFileType = sourcecode.swift; path = DownloadsViewController.swift; sourceTree = "<group>"; };
		0B684F272A4273AC00B1E93D /* CollectionViewTableViewCell.swift */ = {isa = PBXFileReference; lastKnownFileType = sourcecode.swift; path = CollectionViewTableViewCell.swift; sourceTree = "<group>"; };
		0B684F292A427AD700B1E93D /* HeroHeaderUIView.swift */ = {isa = PBXFileReference; lastKnownFileType = sourcecode.swift; path = HeroHeaderUIView.swift; sourceTree = "<group>"; };
		0B684F2B2A429DAF00B1E93D /* ApiCaller.swift */ = {isa = PBXFileReference; lastKnownFileType = sourcecode.swift; path = ApiCaller.swift; sourceTree = "<group>"; };
		0B684F2D2A42A23C00B1E93D /* Title.swift */ = {isa = PBXFileReference; lastKnownFileType = sourcecode.swift; path = Title.swift; sourceTree = "<group>"; };
		0B684F2F2A437F3800B1E93D /* Extensions.swift */ = {isa = PBXFileReference; lastKnownFileType = sourcecode.swift; path = Extensions.swift; sourceTree = "<group>"; };
/* End PBXFileReference section */

/* Begin PBXFrameworksBuildPhase section */
		0B684EFF2A425CDA00B1E93D /* Frameworks */ = {
			isa = PBXFrameworksBuildPhase;
			buildActionMask = 2147483647;
			files = (
				0B67D8582A439CEF0078862A /* SDWebImageMapKit in Frameworks */,
				0B67D8562A439CEF0078862A /* SDWebImage in Frameworks */,
			);
			runOnlyForDeploymentPostprocessing = 0;
		};
/* End PBXFrameworksBuildPhase section */

/* Begin PBXGroup section */
		0B0BABC52A43B91B00691154 /* Core */ = {
			isa = PBXGroup;
			children = (
				0B684F1A2A42678300B1E93D /* HomeViewController.swift */,
				0B684F1C2A4267CD00B1E93D /* UpcomingViewController.swift */,
				0B684F202A42680D00B1E93D /* DownloadsViewController.swift */,
				0B684F1E2A4267F100B1E93D /* SearchViewController.swift */,
				0B684F092A425CDA00B1E93D /* MainTabBarViewController.swift */,
			);
			path = Core;
			sourceTree = "<group>";
		};
		0B0BABC62A43B94600691154 /* General */ = {
			isa = PBXGroup;
			children = (
				0B0BABC32A43B8FB00691154 /* SearchResultsViewController.swift */,
				0B0BABC92A43EBAA00691154 /* TitlePreviewViewController.swift */,
			);
			path = General;
			sourceTree = "<group>";
		};
		0B684EF92A425CDA00B1E93D = {
			isa = PBXGroup;
			children = (
				0B684F042A425CDA00B1E93D /* Netflix Clone */,
				0B684F032A425CDA00B1E93D /* Products */,
			);
			sourceTree = "<group>";
		};
		0B684F032A425CDA00B1E93D /* Products */ = {
			isa = PBXGroup;
			children = (
				0B684F022A425CDA00B1E93D /* Netflix Clone.app */,
			);
			name = Products;
			sourceTree = "<group>";
		};
		0B684F042A425CDA00B1E93D /* Netflix Clone */ = {
			isa = PBXGroup;
			children = (
				0B684F262A42736F00B1E93D /* Managers */,
				0B684F252A42736300B1E93D /* Resources */,
				0B684F242A42734400B1E93D /* Models */,
				0B684F232A42733A00B1E93D /* ViewModels */,
				0B684F222A42733100B1E93D /* Views */,
				0B684F192A42675100B1E93D /* Controllers */,
				0B684F052A425CDA00B1E93D /* AppDelegate.swift */,
				0B684F072A425CDA00B1E93D /* SceneDelegate.swift */,
				0B684F0E2A425CDD00B1E93D /* Assets.xcassets */,
				0B684F102A425CDD00B1E93D /* LaunchScreen.storyboard */,
				0B684F132A425CDD00B1E93D /* Info.plist */,
			);
			path = "Netflix Clone";
			sourceTree = "<group>";
		};
		0B684F192A42675100B1E93D /* Controllers */ = {
			isa = PBXGroup;
			children = (
				0B0BABC62A43B94600691154 /* General */,
				0B0BABC52A43B91B00691154 /* Core */,
			);
			path = Controllers;
			sourceTree = "<group>";
		};
		0B684F222A42733100B1E93D /* Views */ = {
			isa = PBXGroup;
			children = (
				0B684F272A4273AC00B1E93D /* CollectionViewTableViewCell.swift */,
				0B684F292A427AD700B1E93D /* HeroHeaderUIView.swift */,
				0B174A832A438D570074EB9A /* TitleCollectionViewCell.swift */,
				0B0BABBF2A43ABFD00691154 /* TitleTableViewCell.swift */,
			);
			path = Views;
			sourceTree = "<group>";
		};
		0B684F232A42733A00B1E93D /* ViewModels */ = {
			isa = PBXGroup;
			children = (
				0B0BABC12A43AEFC00691154 /* TitleViewModel.swift */,
				0B0BABCB2A43EE3900691154 /* TitlePreviewViewModel.swift */,
			);
			path = ViewModels;
			sourceTree = "<group>";
		};
		0B684F242A42734400B1E93D /* Models */ = {
			isa = PBXGroup;
			children = (
				0B684F2D2A42A23C00B1E93D /* Title.swift */,
				0B0BABC72A43E84700691154 /* YoutubeSearchResponse.swift */,
			);
			path = Models;
			sourceTree = "<group>";
		};
		0B684F252A42736300B1E93D /* Resources */ = {
			isa = PBXGroup;
			children = (
				0B684F2F2A437F3800B1E93D /* Extensions.swift */,
			);
			path = Resources;
			sourceTree = "<group>";
		};
		0B684F262A42736F00B1E93D /* Managers */ = {
			isa = PBXGroup;
			children = (
				0B684F2B2A429DAF00B1E93D /* ApiCaller.swift */,
			);
			path = Managers;
			sourceTree = "<group>";
		};
/* End PBXGroup section */

/* Begin PBXNativeTarget section */
		0B684F012A425CDA00B1E93D /* Netflix Clone */ = {
			isa = PBXNativeTarget;
			buildConfigurationList = 0B684F162A425CDD00B1E93D /* Build configuration list for PBXNativeTarget "Netflix Clone" */;
			buildPhases = (
				0B684EFE2A425CDA00B1E93D /* Sources */,
				0B684EFF2A425CDA00B1E93D /* Frameworks */,
				0B684F002A425CDA00B1E93D /* Resources */,
			);
			buildRules = (
			);
			dependencies = (
			);
			name = "Netflix Clone";
			packageProductDependencies = (
				0B67D8552A439CEF0078862A /* SDWebImage */,
				0B67D8572A439CEF0078862A /* SDWebImageMapKit */,
			);
			productName = "Netflix Clone";
			productReference = 0B684F022A425CDA00B1E93D /* Netflix Clone.app */;
			productType = "com.apple.product-type.application";
		};
/* End PBXNativeTarget section */

/* Begin PBXProject section */
		0B684EFA2A425CDA00B1E93D /* Project object */ = {
			isa = PBXProject;
			attributes = {
				BuildIndependentTargetsInParallel = 1;
				LastSwiftUpdateCheck = 1420;
				LastUpgradeCheck = 1420;
				TargetAttributes = {
					0B684F012A425CDA00B1E93D = {
						CreatedOnToolsVersion = 14.2;
					};
				};
			};
			buildConfigurationList = 0B684EFD2A425CDA00B1E93D /* Build configuration list for PBXProject "Netflix Clone" */;
			compatibilityVersion = "Xcode 14.0";
			developmentRegion = en;
			hasScannedForEncodings = 0;
			knownRegions = (
				en,
				Base,
			);
			mainGroup = 0B684EF92A425CDA00B1E93D;
			packageReferences = (
				0B67D8542A439CEF0078862A /* XCRemoteSwiftPackageReference "SDWebImage" */,
			);
			productRefGroup = 0B684F032A425CDA00B1E93D /* Products */;
			projectDirPath = "";
			projectRoot = "";
			targets = (
				0B684F012A425CDA00B1E93D /* Netflix Clone */,
			);
		};
/* End PBXProject section */

/* Begin PBXResourcesBuildPhase section */
		0B684F002A425CDA00B1E93D /* Resources */ = {
			isa = PBXResourcesBuildPhase;
			buildActionMask = 2147483647;
			files = (
				0B684F122A425CDD00B1E93D /* LaunchScreen.storyboard in Resources */,
				0B684F0F2A425CDD00B1E93D /* Assets.xcassets in Resources */,
			);
			runOnlyForDeploymentPostprocessing = 0;
		};
/* End PBXResourcesBuildPhase section */

/* Begin PBXSourcesBuildPhase section */
		0B684EFE2A425CDA00B1E93D /* Sources */ = {
			isa = PBXSourcesBuildPhase;
			buildActionMask = 2147483647;
			files = (
				0B0BABC02A43ABFD00691154 /* TitleTableViewCell.swift in Sources */,
				0B684F1F2A4267F100B1E93D /* SearchViewController.swift in Sources */,
				0B174A842A438D570074EB9A /* TitleCollectionViewCell.swift in Sources */,
				0B684F0A2A425CDA00B1E93D /* MainTabBarViewController.swift in Sources */,
				0B684F282A4273AC00B1E93D /* CollectionViewTableViewCell.swift in Sources */,
				0B684F2A2A427AD700B1E93D /* HeroHeaderUIView.swift in Sources */,
				0B684F212A42680D00B1E93D /* DownloadsViewController.swift in Sources */,
				0B684F062A425CDA00B1E93D /* AppDelegate.swift in Sources */,
				0B684F1B2A42678300B1E93D /* HomeViewController.swift in Sources */,
				0B0BABC42A43B8FB00691154 /* SearchResultsViewController.swift in Sources */,
				0B684F302A437F3800B1E93D /* Extensions.swift in Sources */,
				0B0BABC82A43E84800691154 /* YoutubeSearchResponse.swift in Sources */,
				0B684F1D2A4267CD00B1E93D /* UpcomingViewController.swift in Sources */,
				0B0BABCC2A43EE3900691154 /* TitlePreviewViewModel.swift in Sources */,
				0B684F082A425CDA00B1E93D /* SceneDelegate.swift in Sources */,
				0B0BABCA2A43EBAA00691154 /* TitlePreviewViewController.swift in Sources */,
				0B684F2E2A42A23D00B1E93D /* Title.swift in Sources */,
				0B684F2C2A429DAF00B1E93D /* ApiCaller.swift in Sources */,
				0B0BABC22A43AEFC00691154 /* TitleViewModel.swift in Sources */,
			);
			runOnlyForDeploymentPostprocessing = 0;
		};
/* End PBXSourcesBuildPhase section */

/* Begin PBXVariantGroup section */
		0B684F102A425CDD00B1E93D /* LaunchScreen.storyboard */ = {
			isa = PBXVariantGroup;
			children = (
				0B684F112A425CDD00B1E93D /* Base */,
			);
			name = LaunchScreen.storyboard;
			sourceTree = "<group>";
		};
/* End PBXVariantGroup section */

/* Begin XCBuildConfiguration section */
		0B684F142A425CDD00B1E93D /* Debug */ = {
			isa = XCBuildConfiguration;
			buildSettings = {
				ALWAYS_SEARCH_USER_PATHS = NO;
				CLANG_ANALYZER_NONNULL = YES;
				CLANG_ANALYZER_NUMBER_OBJECT_CONVERSION = YES_AGGRESSIVE;
				CLANG_CXX_LANGUAGE_STANDARD = "gnu++20";
				CLANG_ENABLE_MODULES = YES;
				CLANG_ENABLE_OBJC_ARC = YES;
				CLANG_ENABLE_OBJC_WEAK = YES;
				CLANG_WARN_BLOCK_CAPTURE_AUTORELEASING = YES;
				CLANG_WARN_BOOL_CONVERSION = YES;
				CLANG_WARN_COMMA = YES;
				CLANG_WARN_CONSTANT_CONVERSION = YES;
				CLANG_WARN_DEPRECATED_OBJC_IMPLEMENTATIONS = YES;
				CLANG_WARN_DIRECT_OBJC_ISA_USAGE = YES_ERROR;
				CLANG_WARN_DOCUMENTATION_COMMENTS = YES;
				CLANG_WARN_EMPTY_BODY = YES;
				CLANG_WARN_ENUM_CONVERSION = YES;
				CLANG_WARN_INFINITE_RECURSION = YES;
				CLANG_WARN_INT_CONVERSION = YES;
				CLANG_WARN_NON_LITERAL_NULL_CONVERSION = YES;
				CLANG_WARN_OBJC_IMPLICIT_RETAIN_SELF = YES;
				CLANG_WARN_OBJC_LITERAL_CONVERSION = YES;
				CLANG_WARN_OBJC_ROOT_CLASS = YES_ERROR;
				CLANG_WARN_QUOTED_INCLUDE_IN_FRAMEWORK_HEADER = YES;
				CLANG_WARN_RANGE_LOOP_ANALYSIS = YES;
				CLANG_WARN_STRICT_PROTOTYPES = YES;
				CLANG_WARN_SUSPICIOUS_MOVE = YES;
				CLANG_WARN_UNGUARDED_AVAILABILITY = YES_AGGRESSIVE;
				CLANG_WARN_UNREACHABLE_CODE = YES;
				CLANG_WARN__DUPLICATE_METHOD_MATCH = YES;
				COPY_PHASE_STRIP = NO;
				DEBUG_INFORMATION_FORMAT = dwarf;
				ENABLE_STRICT_OBJC_MSGSEND = YES;
				ENABLE_TESTABILITY = YES;
				GCC_C_LANGUAGE_STANDARD = gnu11;
				GCC_DYNAMIC_NO_PIC = NO;
				GCC_NO_COMMON_BLOCKS = YES;
				GCC_OPTIMIZATION_LEVEL = 0;
				GCC_PREPROCESSOR_DEFINITIONS = (
					"DEBUG=1",
					"$(inherited)",
				);
				GCC_WARN_64_TO_32_BIT_CONVERSION = YES;
				GCC_WARN_ABOUT_RETURN_TYPE = YES_ERROR;
				GCC_WARN_UNDECLARED_SELECTOR = YES;
				GCC_WARN_UNINITIALIZED_AUTOS = YES_AGGRESSIVE;
				GCC_WARN_UNUSED_FUNCTION = YES;
				GCC_WARN_UNUSED_VARIABLE = YES;
				IPHONEOS_DEPLOYMENT_TARGET = 16.2;
				MTL_ENABLE_DEBUG_INFO = INCLUDE_SOURCE;
				MTL_FAST_MATH = YES;
				ONLY_ACTIVE_ARCH = YES;
				SDKROOT = iphoneos;
				SWIFT_ACTIVE_COMPILATION_CONDITIONS = DEBUG;
				SWIFT_OPTIMIZATION_LEVEL = "-Onone";
			};
			name = Debug;
		};
		0B684F152A425CDD00B1E93D /* Release */ = {
			isa = XCBuildConfiguration;
			buildSettings = {
				ALWAYS_SEARCH_USER_PATHS = NO;
				CLANG_ANALYZER_NONNULL = YES;
				CLANG_ANALYZER_NUMBER_OBJECT_CONVERSION = YES_AGGRESSIVE;
				CLANG_CXX_LANGUAGE_STANDARD = "gnu++20";
				CLANG_ENABLE_MODULES = YES;
				CLANG_ENABLE_OBJC_ARC = YES;
				CLANG_ENABLE_OBJC_WEAK = YES;
				CLANG_WARN_BLOCK_CAPTURE_AUTORELEASING = YES;
				CLANG_WARN_BOOL_CONVERSION = YES;
				CLANG_WARN_COMMA = YES;
				CLANG_WARN_CONSTANT_CONVERSION = YES;
				CLANG_WARN_DEPRECATED_OBJC_IMPLEMENTATIONS = YES;
				CLANG_WARN_DIRECT_OBJC_ISA_USAGE = YES_ERROR;
				CLANG_WARN_DOCUMENTATION_COMMENTS = YES;
				CLANG_WARN_EMPTY_BODY = YES;
				CLANG_WARN_ENUM_CONVERSION = YES;
				CLANG_WARN_INFINITE_RECURSION = YES;
				CLANG_WARN_INT_CONVERSION = YES;
				CLANG_WARN_NON_LITERAL_NULL_CONVERSION = YES;
				CLANG_WARN_OBJC_IMPLICIT_RETAIN_SELF = YES;
				CLANG_WARN_OBJC_LITERAL_CONVERSION = YES;
				CLANG_WARN_OBJC_ROOT_CLASS = YES_ERROR;
				CLANG_WARN_QUOTED_INCLUDE_IN_FRAMEWORK_HEADER = YES;
				CLANG_WARN_RANGE_LOOP_ANALYSIS = YES;
				CLANG_WARN_STRICT_PROTOTYPES = YES;
				CLANG_WARN_SUSPICIOUS_MOVE = YES;
				CLANG_WARN_UNGUARDED_AVAILABILITY = YES_AGGRESSIVE;
				CLANG_WARN_UNREACHABLE_CODE = YES;
				CLANG_WARN__DUPLICATE_METHOD_MATCH = YES;
				COPY_PHASE_STRIP = NO;
				DEBUG_INFORMATION_FORMAT = "dwarf-with-dsym";
				ENABLE_NS_ASSERTIONS = NO;
				ENABLE_STRICT_OBJC_MSGSEND = YES;
				GCC_C_LANGUAGE_STANDARD = gnu11;
				GCC_NO_COMMON_BLOCKS = YES;
				GCC_WARN_64_TO_32_BIT_CONVERSION = YES;
				GCC_WARN_ABOUT_RETURN_TYPE = YES_ERROR;
				GCC_WARN_UNDECLARED_SELECTOR = YES;
				GCC_WARN_UNINITIALIZED_AUTOS = YES_AGGRESSIVE;
				GCC_WARN_UNUSED_FUNCTION = YES;
				GCC_WARN_UNUSED_VARIABLE = YES;
				IPHONEOS_DEPLOYMENT_TARGET = 16.2;
				MTL_ENABLE_DEBUG_INFO = NO;
				MTL_FAST_MATH = YES;
				SDKROOT = iphoneos;
				SWIFT_COMPILATION_MODE = wholemodule;
				SWIFT_OPTIMIZATION_LEVEL = "-O";
				VALIDATE_PRODUCT = YES;
			};
			name = Release;
		};
		0B684F172A425CDD00B1E93D /* Debug */ = {
			isa = XCBuildConfiguration;
			buildSettings = {
				ASSETCATALOG_COMPILER_APPICON_NAME = AppIcon;
				ASSETCATALOG_COMPILER_GLOBAL_ACCENT_COLOR_NAME = AccentColor;
				CODE_SIGN_STYLE = Automatic;
				CURRENT_PROJECT_VERSION = 1;
				DEVELOPMENT_TEAM = D29AN92D53;
				GENERATE_INFOPLIST_FILE = YES;
				INFOPLIST_FILE = "Netflix Clone/Info.plist";
				INFOPLIST_KEY_UIApplicationSupportsIndirectInputEvents = YES;
				INFOPLIST_KEY_UILaunchStoryboardName = LaunchScreen;
				INFOPLIST_KEY_UISupportedInterfaceOrientations_iPad = "UIInterfaceOrientationPortrait UIInterfaceOrientationPortraitUpsideDown UIInterfaceOrientationLandscapeLeft UIInterfaceOrientationLandscapeRight";
				INFOPLIST_KEY_UISupportedInterfaceOrientations_iPhone = "UIInterfaceOrientationPortrait UIInterfaceOrientationLandscapeLeft UIInterfaceOrientationLandscapeRight";
				LD_RUNPATH_SEARCH_PATHS = (
					"$(inherited)",
					"@executable_path/Frameworks",
				);
				MARKETING_VERSION = 1.0;
				PRODUCT_BUNDLE_IDENTIFIER = "com.JAGG.Netflix-Clone";
				PRODUCT_NAME = "$(TARGET_NAME)";
				SWIFT_EMIT_LOC_STRINGS = YES;
				SWIFT_VERSION = 5.0;
				TARGETED_DEVICE_FAMILY = "1,2";
			};
			name = Debug;
		};
		0B684F182A425CDD00B1E93D /* Release */ = {
			isa = XCBuildConfiguration;
			buildSettings = {
				ASSETCATALOG_COMPILER_APPICON_NAME = AppIcon;
				ASSETCATALOG_COMPILER_GLOBAL_ACCENT_COLOR_NAME = AccentColor;
				CODE_SIGN_STYLE = Automatic;
				CURRENT_PROJECT_VERSION = 1;
				DEVELOPMENT_TEAM = D29AN92D53;
				GENERATE_INFOPLIST_FILE = YES;
				INFOPLIST_FILE = "Netflix Clone/Info.plist";
				INFOPLIST_KEY_UIApplicationSupportsIndirectInputEvents = YES;
				INFOPLIST_KEY_UILaunchStoryboardName = LaunchScreen;
				INFOPLIST_KEY_UISupportedInterfaceOrientations_iPad = "UIInterfaceOrientationPortrait UIInterfaceOrientationPortraitUpsideDown UIInterfaceOrientationLandscapeLeft UIInterfaceOrientationLandscapeRight";
				INFOPLIST_KEY_UISupportedInterfaceOrientations_iPhone = "UIInterfaceOrientationPortrait UIInterfaceOrientationLandscapeLeft UIInterfaceOrientationLandscapeRight";
				LD_RUNPATH_SEARCH_PATHS = (
					"$(inherited)",
					"@executable_path/Frameworks",
				);
				MARKETING_VERSION = 1.0;
				PRODUCT_BUNDLE_IDENTIFIER = "com.JAGG.Netflix-Clone";
				PRODUCT_NAME = "$(TARGET_NAME)";
				SWIFT_EMIT_LOC_STRINGS = YES;
				SWIFT_VERSION = 5.0;
				TARGETED_DEVICE_FAMILY = "1,2";
			};
			name = Release;
		};
/* End XCBuildConfiguration section */

/* Begin XCConfigurationList section */
		0B684EFD2A425CDA00B1E93D /* Build configuration list for PBXProject "Netflix Clone" */ = {
			isa = XCConfigurationList;
			buildConfigurations = (
				0B684F142A425CDD00B1E93D /* Debug */,
				0B684F152A425CDD00B1E93D /* Release */,
			);
			defaultConfigurationIsVisible = 0;
			defaultConfigurationName = Release;
		};
		0B684F162A425CDD00B1E93D /* Build configuration list for PBXNativeTarget "Netflix Clone" */ = {
			isa = XCConfigurationList;
			buildConfigurations = (
				0B684F172A425CDD00B1E93D /* Debug */,
				0B684F182A425CDD00B1E93D /* Release */,
			);
			defaultConfigurationIsVisible = 0;
			defaultConfigurationName = Release;
		};
/* End XCConfigurationList section */

/* Begin XCRemoteSwiftPackageReference section */
		0B67D8542A439CEF0078862A /* XCRemoteSwiftPackageReference "SDWebImage" */ = {
			isa = XCRemoteSwiftPackageReference;
			repositoryURL = "git@github.com:SDWebImage/SDWebImage.git";
			requirement = {
				kind = upToNextMajorVersion;
				minimumVersion = 5.0.0;
			};
		};
/* End XCRemoteSwiftPackageReference section */

/* Begin XCSwiftPackageProductDependency section */
		0B67D8552A439CEF0078862A /* SDWebImage */ = {
			isa = XCSwiftPackageProductDependency;
			package = 0B67D8542A439CEF0078862A /* XCRemoteSwiftPackageReference "SDWebImage" */;
			productName = SDWebImage;
		};
		0B67D8572A439CEF0078862A /* SDWebImageMapKit */ = {
			isa = XCSwiftPackageProductDependency;
			package = 0B67D8542A439CEF0078862A /* XCRemoteSwiftPackageReference "SDWebImage" */;
			productName = SDWebImageMapKit;
		};
/* End XCSwiftPackageProductDependency section */
	};
	rootObject = 0B684EFA2A425CDA00B1E93D /* Project object */;
}
